
Microsoft Visual Studio Solution File, Format Version 12.00
# Visual Studio Version 17
VisualStudioVersion = 17.11.35327.3
MinimumVisualStudioVersion = 10.0.40219.1
Project("{8BC9CEB8-8B4A-11D0-8D11-00A0C91BC942}") = "sampleApp", "sampleApp\sampleApp.vcxproj", "{6A930192-1077-4030-BE2A-8D52BDFF2B8A}"
	ProjectSection(ProjectDependencies) = postProject
		{EDA88BD9-5F63-48A9-8251-5C296AC42786} = {EDA88BD9-5F63-48A9-8251-5C296AC42786}
	EndProjectSection
EndProject
Project("{8BC9CEB8-8B4A-11D0-8D11-00A0C91BC942}") = "graphite", "graphite\graphite.vcxproj", "{EDA88BD9-5F63-48A9-8251-5C296AC42786}"
	ProjectSection(ProjectDependencies) = postProject
		{4F0FA193-78C3-4D05-8DF2-8EB299A13C0B} = {4F0FA193-78C3-4D05-8DF2-8EB299A13C0B}
		{FD7486D1-DA4B-4E98-A4B9-D5B4CB51EAB3} = {FD7486D1-DA4B-4E98-A4B9-D5B4CB51EAB3}
	EndProjectSection
EndProject
Project("{8BC9CEB8-8B4A-11D0-8D11-00A0C91BC942}") = "D3D12MemoryAllocator", "graphite\vendor\D3D12MemoryAllocator.vcxproj", "{FD7486D1-DA4B-4E98-A4B9-D5B4CB51EAB3}"
EndProject
Project("{8BC9CEB8-8B4A-11D0-8D11-00A0C91BC942}") = "imgui", "graphite\vendor\imgui.vcxproj", "{4F0FA193-78C3-4D05-8DF2-8EB299A13C0B}"
EndProject
Global
	GlobalSection(SolutionConfigurationPlatforms) = preSolution
		Debug|x64 = Debug|x64
		Release|x64 = Release|x64
	EndGlobalSection
	GlobalSection(ProjectConfigurationPlatforms) = postSolution
		{6A930192-1077-4030-BE2A-8D52BDFF2B8A}.Debug|x64.ActiveCfg = Debug|x64
		{6A930192-1077-4030-BE2A-8D52BDFF2B8A}.Debug|x64.Build.0 = Debug|x64
		{6A930192-1077-4030-BE2A-8D52BDFF2B8A}.Release|x64.ActiveCfg = Release|x64
		{6A930192-1077-4030-BE2A-8D52BDFF2B8A}.Release|x64.Build.0 = Release|x64
		{EDA88BD9-5F63-48A9-8251-5C296AC42786}.Debug|x64.ActiveCfg = Debug|x64
		{EDA88BD9-5F63-48A9-8251-5C296AC42786}.Debug|x64.Build.0 = Debug|x64
		{EDA88BD9-5F63-48A9-8251-5C296AC42786}.Release|x64.ActiveCfg = Release|x64
		{EDA88BD9-5F63-48A9-8251-5C296AC42786}.Release|x64.Build.0 = Release|x64
		{FD7486D1-DA4B-4E98-A4B9-D5B4CB51EAB3}.Debug|x64.ActiveCfg = Debug|x64
		{FD7486D1-DA4B-4E98-A4B9-D5B4CB51EAB3}.Debug|x64.Build.0 = Debug|x64
		{FD7486D1-DA4B-4E98-A4B9-D5B4CB51EAB3}.Release|x64.ActiveCfg = Release|x64
		{FD7486D1-DA4B-4E98-A4B9-D5B4CB51EAB3}.Release|x64.Build.0 = Release|x64
		{4F0FA193-78C3-4D05-8DF2-8EB299A13C0B}.Debug|x64.ActiveCfg = Debug|x64
		{4F0FA193-78C3-4D05-8DF2-8EB299A13C0B}.Debug|x64.Build.0 = Debug|x64
		{4F0FA193-78C3-4D05-8DF2-8EB299A13C0B}.Release|x64.ActiveCfg = Release|x64
		{4F0FA193-78C3-4D05-8DF2-8EB299A13C0B}.Release|x64.Build.0 = Release|x64
	EndGlobalSection
	GlobalSection(SolutionProperties) = preSolution
		HideSolutionNode = FALSE
	EndGlobalSection
	GlobalSection(ExtensibilityGlobals) = postSolution
		SolutionGuid = {80D512CE-6847-4D2D-B4BE-A625E7B0D5A8}
	EndGlobalSection
EndGlobal
